
Microsoft Visual Studio Solution File, Format Version 12.00
# Visual Studio 14
VisualStudioVersion = 14.0.23107.0
MinimumVisualStudioVersion = 10.0.40219.1
Project("{FAE04EC0-301F-11D3-BF4B-00C04F79EFBC}") = "PeopleSearch", "PeopleSearch\PeopleSearch.csproj", "{D3380547-DDE7-4D60-9E4A-0993CE366C88}"
EndProject
Project("{FAE04EC0-301F-11D3-BF4B-00C04F79EFBC}") = "PeopleSearch.Tests", "PeopleSearch.Tests\PeopleSearch.Tests.csproj", "{F658CF94-9F82-4C5E-8BBA-943509FEAE7A}"
EndProject
Global
	GlobalSection(SolutionConfigurationPlatforms) = preSolution
		Debug|Any CPU = Debug|Any CPU
		Release|Any CPU = Release|Any CPU
	EndGlobalSection
	GlobalSection(ProjectConfigurationPlatforms) = postSolution
		{D3380547-DDE7-4D60-9E4A-0993CE366C88}.Debug|Any CPU.ActiveCfg = Debug|Any CPU
		{D3380547-DDE7-4D60-9E4A-0993CE366C88}.Debug|Any CPU.Build.0 = Debug|Any CPU
		{D3380547-DDE7-4D60-9E4A-0993CE366C88}.Release|Any CPU.ActiveCfg = Release|Any CPU
		{D3380547-DDE7-4D60-9E4A-0993CE366C88}.Release|Any CPU.Build.0 = Release|Any CPU
		{F658CF94-9F82-4C5E-8BBA-943509FEAE7A}.Debug|Any CPU.ActiveCfg = Debug|Any CPU
		{F658CF94-9F82-4C5E-8BBA-943509FEAE7A}.Debug|Any CPU.Build.0 = Debug|Any CPU
		{F658CF94-9F82-4C5E-8BBA-943509FEAE7A}.Release|Any CPU.ActiveCfg = Release|Any CPU
		{F658CF94-9F82-4C5E-8BBA-943509FEAE7A}.Release|Any CPU.Build.0 = Release|Any CPU
	EndGlobalSection
	GlobalSection(SolutionProperties) = preSolution
		HideSolutionNode = FALSE
	EndGlobalSection
EndGlobal
